
Microsoft Visual Studio Solution File, Format Version 12.00
# Visual Studio 14
VisualStudioVersion = 14.0.25420.1
MinimumVisualStudioVersion = 10.0.40219.1
Project("{2150E333-8FDC-42A3-9474-1A3956D46DE8}") = "src", "src", "{49B3F851-8F8E-4D7B-943A-6C5BAF15FFD8}"
EndProject
Project("{2150E333-8FDC-42A3-9474-1A3956D46DE8}") = "Solution Items", "Solution Items", "{D7DDDFE3-E9A0-4053-B52E-02A301750A02}"
	ProjectSection(SolutionItems) = preProject
		global.json = global.json
	EndProjectSection
EndProject
Project("{8BB2217D-0F2D-49D1-97BC-3654ED321F3B}") = "OdeToFood_DotNetCore", "src\OdeToFood_DotNetCore\OdeToFood_DotNetCore.xproj", "{311B0982-B1F6-404F-9CC8-DCDC6CC5B7A1}"
EndProject
Project("{8BB2217D-0F2D-49D1-97BC-3654ED321F3B}") = "MVCCoreTemplate", "src\MVCCoreTemplate\MVCCoreTemplate.xproj", "{0064E078-5767-46F1-839B-384312691DA2}"
EndProject
Project("{8BB2217D-0F2D-49D1-97BC-3654ED321F3B}") = "MvcMovie", "src\MvcMovie\MvcMovie.xproj", "{F9F6FD14-DE82-45E3-89B6-9FA0F4221BAA}"
EndProject
Global
	GlobalSection(SolutionConfigurationPlatforms) = preSolution
		Debug|Any CPU = Debug|Any CPU
		Release|Any CPU = Release|Any CPU
	EndGlobalSection
	GlobalSection(ProjectConfigurationPlatforms) = postSolution
		{311B0982-B1F6-404F-9CC8-DCDC6CC5B7A1}.Debug|Any CPU.ActiveCfg = Debug|Any CPU
		{311B0982-B1F6-404F-9CC8-DCDC6CC5B7A1}.Debug|Any CPU.Build.0 = Debug|Any CPU
		{311B0982-B1F6-404F-9CC8-DCDC6CC5B7A1}.Release|Any CPU.ActiveCfg = Release|Any CPU
		{311B0982-B1F6-404F-9CC8-DCDC6CC5B7A1}.Release|Any CPU.Build.0 = Release|Any CPU
		{0064E078-5767-46F1-839B-384312691DA2}.Debug|Any CPU.ActiveCfg = Debug|Any CPU
		{0064E078-5767-46F1-839B-384312691DA2}.Debug|Any CPU.Build.0 = Debug|Any CPU
		{0064E078-5767-46F1-839B-384312691DA2}.Release|Any CPU.ActiveCfg = Release|Any CPU
		{0064E078-5767-46F1-839B-384312691DA2}.Release|Any CPU.Build.0 = Release|Any CPU
		{F9F6FD14-DE82-45E3-89B6-9FA0F4221BAA}.Debug|Any CPU.ActiveCfg = Debug|Any CPU
		{F9F6FD14-DE82-45E3-89B6-9FA0F4221BAA}.Debug|Any CPU.Build.0 = Debug|Any CPU
		{F9F6FD14-DE82-45E3-89B6-9FA0F4221BAA}.Release|Any CPU.ActiveCfg = Release|Any CPU
		{F9F6FD14-DE82-45E3-89B6-9FA0F4221BAA}.Release|Any CPU.Build.0 = Release|Any CPU
	EndGlobalSection
	GlobalSection(SolutionProperties) = preSolution
		HideSolutionNode = FALSE
	EndGlobalSection
	GlobalSection(NestedProjects) = preSolution
		{311B0982-B1F6-404F-9CC8-DCDC6CC5B7A1} = {49B3F851-8F8E-4D7B-943A-6C5BAF15FFD8}
		{0064E078-5767-46F1-839B-384312691DA2} = {49B3F851-8F8E-4D7B-943A-6C5BAF15FFD8}
		{F9F6FD14-DE82-45E3-89B6-9FA0F4221BAA} = {49B3F851-8F8E-4D7B-943A-6C5BAF15FFD8}
	EndGlobalSection
EndGlobal
